
Microsoft Visual Studio Solution File, Format Version 12.00
# Visual Studio 15
VisualStudioVersion = 15.0.26730.8
MinimumVisualStudioVersion = 10.0.40219.1
Project("{8BC9CEB8-8B4A-11D0-8D11-00A0C91BC942}") = "days2", "days2\days2.vcxproj", "{5A19AB78-7D28-498E-B5BE-08C5AD060C29}"
EndProject
Global
	GlobalSection(SolutionConfigurationPlatforms) = preSolution
		Debug|x64 = Debug|x64
		Debug|x86 = Debug|x86
		Release|x64 = Release|x64
		Release|x86 = Release|x86
	EndGlobalSection
	GlobalSection(ProjectConfigurationPlatforms) = postSolution
		{5A19AB78-7D28-498E-B5BE-08C5AD060C29}.Debug|x64.ActiveCfg = Debug|x64
		{5A19AB78-7D28-498E-B5BE-08C5AD060C29}.Debug|x64.Build.0 = Debug|x64
		{5A19AB78-7D28-498E-B5BE-08C5AD060C29}.Debug|x86.ActiveCfg = Debug|Win32
		{5A19AB78-7D28-498E-B5BE-08C5AD060C29}.Debug|x86.Build.0 = Debug|Win32
		{5A19AB78-7D28-498E-B5BE-08C5AD060C29}.Release|x64.ActiveCfg = Release|x64
		{5A19AB78-7D28-498E-B5BE-08C5AD060C29}.Release|x64.Build.0 = Release|x64
		{5A19AB78-7D28-498E-B5BE-08C5AD060C29}.Release|x86.ActiveCfg = Release|Win32
		{5A19AB78-7D28-498E-B5BE-08C5AD060C29}.Release|x86.Build.0 = Release|Win32
	EndGlobalSection
	GlobalSection(SolutionProperties) = preSolution
		HideSolutionNode = FALSE
	EndGlobalSection
	GlobalSection(ExtensibilityGlobals) = postSolution
		SolutionGuid = {3F7C3988-18DD-45FE-9D75-3374AFFD9B52}
	EndGlobalSection
EndGlobal
